// !$*UTF8*$!
{
	archiveVersion = 1;
	classes = {
	};
	objectVersion = 52;
	objects = {

/* Begin PBXBuildFile section */
		841115DB25D172330013FE7C /* AppDelegate.swift in Sources */ = {isa = PBXBuildFile; fileRef = 841115DA25D172330013FE7C /* AppDelegate.swift */; };
		841115DD25D172330013FE7C /* SceneDelegate.swift in Sources */ = {isa = PBXBuildFile; fileRef = 841115DC25D172330013FE7C /* SceneDelegate.swift */; };
		841115DF25D172330013FE7C /* SignUpViewController.swift in Sources */ = {isa = PBXBuildFile; fileRef = 841115DE25D172330013FE7C /* SignUpViewController.swift */; };
		841115E525D172330013FE7C /* CoreDataTask.xcdatamodeld in Sources */ = {isa = PBXBuildFile; fileRef = 841115E325D172330013FE7C /* CoreDataTask.xcdatamodeld */; };
		841115E725D172370013FE7C /* Assets.xcassets in Resources */ = {isa = PBXBuildFile; fileRef = 841115E625D172370013FE7C /* Assets.xcassets */; };
		841115EA25D172370013FE7C /* LaunchScreen.storyboard in Resources */ = {isa = PBXBuildFile; fileRef = 841115E825D172370013FE7C /* LaunchScreen.storyboard */; };
		841115F725D176EB0013FE7C /* SignUpView.swift in Sources */ = {isa = PBXBuildFile; fileRef = 841115F625D176EB0013FE7C /* SignUpView.swift */; };
		841115FA25D193850013FE7C /* LocalErrors.swift in Sources */ = {isa = PBXBuildFile; fileRef = 841115F925D193850013FE7C /* LocalErrors.swift */; };
		841115FC25D1940A0013FE7C /* InputValidationService.swift in Sources */ = {isa = PBXBuildFile; fileRef = 841115FB25D1940A0013FE7C /* InputValidationService.swift */; };
		849AC4C425D21CF70008B0FF /* SignUpModel.swift in Sources */ = {isa = PBXBuildFile; fileRef = 849AC4C325D21CF70008B0FF /* SignUpModel.swift */; };
		D03346F60851C150F68F8B73 /* Pods_CoreDataTask.framework in Frameworks */ = {isa = PBXBuildFile; fileRef = D388E05FB461DE6AE5B7BC4D /* Pods_CoreDataTask.framework */; };
/* End PBXBuildFile section */

/* Begin PBXFileReference section */
		25B6609BF943B2EAAF370E08 /* Pods-CoreDataTask.debug.xcconfig */ = {isa = PBXFileReference; includeInIndex = 1; lastKnownFileType = text.xcconfig; name = "Pods-CoreDataTask.debug.xcconfig"; path = "Target Support Files/Pods-CoreDataTask/Pods-CoreDataTask.debug.xcconfig"; sourceTree = "<group>"; };
		50A113B49BE28B97163D2329 /* Pods-CoreDataTask.release.xcconfig */ = {isa = PBXFileReference; includeInIndex = 1; lastKnownFileType = text.xcconfig; name = "Pods-CoreDataTask.release.xcconfig"; path = "Target Support Files/Pods-CoreDataTask/Pods-CoreDataTask.release.xcconfig"; sourceTree = "<group>"; };
		841115D725D172330013FE7C /* CoreDataTask.app */ = {isa = PBXFileReference; explicitFileType = wrapper.application; includeInIndex = 0; path = CoreDataTask.app; sourceTree = BUILT_PRODUCTS_DIR; };
		841115DA25D172330013FE7C /* AppDelegate.swift */ = {isa = PBXFileReference; lastKnownFileType = sourcecode.swift; path = AppDelegate.swift; sourceTree = "<group>"; };
		841115DC25D172330013FE7C /* SceneDelegate.swift */ = {isa = PBXFileReference; lastKnownFileType = sourcecode.swift; path = SceneDelegate.swift; sourceTree = "<group>"; };
		841115DE25D172330013FE7C /* SignUpViewController.swift */ = {isa = PBXFileReference; lastKnownFileType = sourcecode.swift; path = SignUpViewController.swift; sourceTree = "<group>"; };
		841115E425D172330013FE7C /* CoreDataTask.xcdatamodel */ = {isa = PBXFileReference; lastKnownFileType = wrapper.xcdatamodel; path = CoreDataTask.xcdatamodel; sourceTree = "<group>"; };
		841115E625D172370013FE7C /* Assets.xcassets */ = {isa = PBXFileReference; lastKnownFileType = folder.assetcatalog; path = Assets.xcassets; sourceTree = "<group>"; };
		841115E925D172370013FE7C /* Base */ = {isa = PBXFileReference; lastKnownFileType = file.storyboard; name = Base; path = Base.lproj/LaunchScreen.storyboard; sourceTree = "<group>"; };
		841115EB25D172370013FE7C /* Info.plist */ = {isa = PBXFileReference; lastKnownFileType = text.plist.xml; path = Info.plist; sourceTree = "<group>"; };
		841115F625D176EB0013FE7C /* SignUpView.swift */ = {isa = PBXFileReference; lastKnownFileType = sourcecode.swift; path = SignUpView.swift; sourceTree = "<group>"; };
		841115F925D193850013FE7C /* LocalErrors.swift */ = {isa = PBXFileReference; lastKnownFileType = sourcecode.swift; path = LocalErrors.swift; sourceTree = "<group>"; };
		841115FB25D1940A0013FE7C /* InputValidationService.swift */ = {isa = PBXFileReference; lastKnownFileType = sourcecode.swift; path = InputValidationService.swift; sourceTree = "<group>"; };
		849AC4C325D21CF70008B0FF /* SignUpModel.swift */ = {isa = PBXFileReference; lastKnownFileType = sourcecode.swift; path = SignUpModel.swift; sourceTree = "<group>"; };
		D388E05FB461DE6AE5B7BC4D /* Pods_CoreDataTask.framework */ = {isa = PBXFileReference; explicitFileType = wrapper.framework; includeInIndex = 0; path = Pods_CoreDataTask.framework; sourceTree = BUILT_PRODUCTS_DIR; };
/* End PBXFileReference section */

/* Begin PBXFrameworksBuildPhase section */
		841115D425D172330013FE7C /* Frameworks */ = {
			isa = PBXFrameworksBuildPhase;
			buildActionMask = 2147483647;
			files = (
				D03346F60851C150F68F8B73 /* Pods_CoreDataTask.framework in Frameworks */,
			);
			runOnlyForDeploymentPostprocessing = 0;
		};
/* End PBXFrameworksBuildPhase section */

/* Begin PBXGroup section */
		822AFD614D0BE43D4EF3B9EA /* Frameworks */ = {
			isa = PBXGroup;
			children = (
				D388E05FB461DE6AE5B7BC4D /* Pods_CoreDataTask.framework */,
			);
			name = Frameworks;
			sourceTree = "<group>";
		};
		841115CE25D172330013FE7C = {
			isa = PBXGroup;
			children = (
				841115D925D172330013FE7C /* CoreDataTask */,
				841115D825D172330013FE7C /* Products */,
				8AEDBD5151AD40EDAE7EEE26 /* Pods */,
				822AFD614D0BE43D4EF3B9EA /* Frameworks */,
			);
			sourceTree = "<group>";
		};
		841115D825D172330013FE7C /* Products */ = {
			isa = PBXGroup;
			children = (
				841115D725D172330013FE7C /* CoreDataTask.app */,
			);
			name = Products;
			sourceTree = "<group>";
		};
		841115D925D172330013FE7C /* CoreDataTask */ = {
			isa = PBXGroup;
			children = (
				841115F425D176920013FE7C /* Delegate */,
				841115F525D176B90013FE7C /* SignUp */,
				841115F825D193530013FE7C /* Service */,
				841115E625D172370013FE7C /* Assets.xcassets */,
				841115E825D172370013FE7C /* LaunchScreen.storyboard */,
				841115EB25D172370013FE7C /* Info.plist */,
				841115E325D172330013FE7C /* CoreDataTask.xcdatamodeld */,
			);
			path = CoreDataTask;
			sourceTree = "<group>";
		};
		841115F425D176920013FE7C /* Delegate */ = {
			isa = PBXGroup;
			children = (
				841115DA25D172330013FE7C /* AppDelegate.swift */,
				841115DC25D172330013FE7C /* SceneDelegate.swift */,
			);
			path = Delegate;
			sourceTree = "<group>";
		};
		841115F525D176B90013FE7C /* SignUp */ = {
			isa = PBXGroup;
			children = (
				841115DE25D172330013FE7C /* SignUpViewController.swift */,
				841115F625D176EB0013FE7C /* SignUpView.swift */,
				849AC4C325D21CF70008B0FF /* SignUpModel.swift */,
			);
			path = SignUp;
			sourceTree = "<group>";
		};
		841115F825D193530013FE7C /* Service */ = {
			isa = PBXGroup;
			children = (
				841115F925D193850013FE7C /* LocalErrors.swift */,
				841115FB25D1940A0013FE7C /* InputValidationService.swift */,
			);
			path = Service;
			sourceTree = "<group>";
		};
		8AEDBD5151AD40EDAE7EEE26 /* Pods */ = {
			isa = PBXGroup;
			children = (
				25B6609BF943B2EAAF370E08 /* Pods-CoreDataTask.debug.xcconfig */,
				50A113B49BE28B97163D2329 /* Pods-CoreDataTask.release.xcconfig */,
			);
			path = Pods;
			sourceTree = "<group>";
		};
/* End PBXGroup section */

/* Begin PBXNativeTarget section */
		841115D625D172330013FE7C /* CoreDataTask */ = {
			isa = PBXNativeTarget;
			buildConfigurationList = 841115EE25D172370013FE7C /* Build configuration list for PBXNativeTarget "CoreDataTask" */;
			buildPhases = (
				78119A41C56720469FDC2E9E /* [CP] Check Pods Manifest.lock */,
				841115D325D172330013FE7C /* Sources */,
				841115D425D172330013FE7C /* Frameworks */,
				841115D525D172330013FE7C /* Resources */,
				EE8AFA2B91160D5D6ECBE3F7 /* [CP] Embed Pods Frameworks */,
			);
			buildRules = (
			);
			dependencies = (
			);
			name = CoreDataTask;
			productName = CoreDataTask;
			productReference = 841115D725D172330013FE7C /* CoreDataTask.app */;
			productType = "com.apple.product-type.application";
		};
/* End PBXNativeTarget section */

/* Begin PBXProject section */
		841115CF25D172330013FE7C /* Project object */ = {
			isa = PBXProject;
			attributes = {
				LastSwiftUpdateCheck = 1140;
				LastUpgradeCheck = 1140;
				ORGANIZATIONNAME = "Success Resource Pte Ltd.";
				TargetAttributes = {
					841115D625D172330013FE7C = {
						CreatedOnToolsVersion = 11.4.1;
					};
				};
			};
			buildConfigurationList = 841115D225D172330013FE7C /* Build configuration list for PBXProject "CoreDataTask" */;
			compatibilityVersion = "Xcode 9.3";
			developmentRegion = en;
			hasScannedForEncodings = 0;
			knownRegions = (
				en,
				Base,
			);
			mainGroup = 841115CE25D172330013FE7C;
			packageReferences = (
				841115F125D1738B0013FE7C /* XCRemoteSwiftPackageReference "LBTATools" */,
			);
			productRefGroup = 841115D825D172330013FE7C /* Products */;
			projectDirPath = "";
			projectRoot = "";
			targets = (
				841115D625D172330013FE7C /* CoreDataTask */,
			);
		};
/* End PBXProject section */

/* Begin PBXResourcesBuildPhase section */
		841115D525D172330013FE7C /* Resources */ = {
			isa = PBXResourcesBuildPhase;
			buildActionMask = 2147483647;
			files = (
				841115EA25D172370013FE7C /* LaunchScreen.storyboard in Resources */,
				841115E725D172370013FE7C /* Assets.xcassets in Resources */,
			);
			runOnlyForDeploymentPostprocessing = 0;
		};
/* End PBXResourcesBuildPhase section */

/* Begin PBXShellScriptBuildPhase section */
		78119A41C56720469FDC2E9E /* [CP] Check Pods Manifest.lock */ = {
			isa = PBXShellScriptBuildPhase;
			buildActionMask = 2147483647;
			files = (
			);
			inputFileListPaths = (
			);
			inputPaths = (
				"${PODS_PODFILE_DIR_PATH}/Podfile.lock",
				"${PODS_ROOT}/Manifest.lock",
			);
			name = "[CP] Check Pods Manifest.lock";
			outputFileListPaths = (
			);
			outputPaths = (
				"$(DERIVED_FILE_DIR)/Pods-CoreDataTask-checkManifestLockResult.txt",
			);
			runOnlyForDeploymentPostprocessing = 0;
			shellPath = /bin/sh;
			shellScript = "diff \"${PODS_PODFILE_DIR_PATH}/Podfile.lock\" \"${PODS_ROOT}/Manifest.lock\" > /dev/null\nif [ $? != 0 ] ; then\n    # print error to STDERR\n    echo \"error: The sandbox is not in sync with the Podfile.lock. Run 'pod install' or update your CocoaPods installation.\" >&2\n    exit 1\nfi\n# This output is used by Xcode 'outputs' to avoid re-running this script phase.\necho \"SUCCESS\" > \"${SCRIPT_OUTPUT_FILE_0}\"\n";
			showEnvVarsInLog = 0;
		};
		EE8AFA2B91160D5D6ECBE3F7 /* [CP] Embed Pods Frameworks */ = {
			isa = PBXShellScriptBuildPhase;
			buildActionMask = 2147483647;
			files = (
			);
			inputFileListPaths = (
				"${PODS_ROOT}/Target Support Files/Pods-CoreDataTask/Pods-CoreDataTask-frameworks-${CONFIGURATION}-input-files.xcfilelist",
			);
			name = "[CP] Embed Pods Frameworks";
			outputFileListPaths = (
				"${PODS_ROOT}/Target Support Files/Pods-CoreDataTask/Pods-CoreDataTask-frameworks-${CONFIGURATION}-output-files.xcfilelist",
			);
			runOnlyForDeploymentPostprocessing = 0;
			shellPath = /bin/sh;
			shellScript = "\"${PODS_ROOT}/Target Support Files/Pods-CoreDataTask/Pods-CoreDataTask-frameworks.sh\"\n";
			showEnvVarsInLog = 0;
		};
/* End PBXShellScriptBuildPhase section */

/* Begin PBXSourcesBuildPhase section */
		841115D325D172330013FE7C /* Sources */ = {
			isa = PBXSourcesBuildPhase;
			buildActionMask = 2147483647;
			files = (
				841115DF25D172330013FE7C /* SignUpViewController.swift in Sources */,
				841115FC25D1940A0013FE7C /* InputValidationService.swift in Sources */,
				841115F725D176EB0013FE7C /* SignUpView.swift in Sources */,
				849AC4C425D21CF70008B0FF /* SignUpModel.swift in Sources */,
				841115FA25D193850013FE7C /* LocalErrors.swift in Sources */,
				841115DB25D172330013FE7C /* AppDelegate.swift in Sources */,
				841115DD25D172330013FE7C /* SceneDelegate.swift in Sources */,
				841115E525D172330013FE7C /* CoreDataTask.xcdatamodeld in Sources */,
			);
			runOnlyForDeploymentPostprocessing = 0;
		};
/* End PBXSourcesBuildPhase section */

/* Begin PBXVariantGroup section */
		841115E825D172370013FE7C /* LaunchScreen.storyboard */ = {
			isa = PBXVariantGroup;
			children = (
				841115E925D172370013FE7C /* Base */,
			);
			name = LaunchScreen.storyboard;
			sourceTree = "<group>";
		};
/* End PBXVariantGroup section */

/* Begin XCBuildConfiguration section */
		841115EC25D172370013FE7C /* Debug */ = {
			isa = XCBuildConfiguration;
			buildSettings = {
				ALWAYS_SEARCH_USER_PATHS = NO;
				CLANG_ANALYZER_NONNULL = YES;
				CLANG_ANALYZER_NUMBER_OBJECT_CONVERSION = YES_AGGRESSIVE;
				CLANG_CXX_LANGUAGE_STANDARD = "gnu++14";
				CLANG_CXX_LIBRARY = "libc++";
				CLANG_ENABLE_MODULES = YES;
				CLANG_ENABLE_OBJC_ARC = YES;
				CLANG_ENABLE_OBJC_WEAK = YES;
				CLANG_WARN_BLOCK_CAPTURE_AUTORELEASING = YES;
				CLANG_WARN_BOOL_CONVERSION = YES;
				CLANG_WARN_COMMA = YES;
				CLANG_WARN_CONSTANT_CONVERSION = YES;
				CLANG_WARN_DEPRECATED_OBJC_IMPLEMENTATIONS = YES;
				CLANG_WARN_DIRECT_OBJC_ISA_USAGE = YES_ERROR;
				CLANG_WARN_DOCUMENTATION_COMMENTS = YES;
				CLANG_WARN_EMPTY_BODY = YES;
				CLANG_WARN_ENUM_CONVERSION = YES;
				CLANG_WARN_INFINITE_RECURSION = YES;
				CLANG_WARN_INT_CONVERSION = YES;
				CLANG_WARN_NON_LITERAL_NULL_CONVERSION = YES;
				CLANG_WARN_OBJC_IMPLICIT_RETAIN_SELF = YES;
				CLANG_WARN_OBJC_LITERAL_CONVERSION = YES;
				CLANG_WARN_OBJC_ROOT_CLASS = YES_ERROR;
				CLANG_WARN_RANGE_LOOP_ANALYSIS = YES;
				CLANG_WARN_STRICT_PROTOTYPES = YES;
				CLANG_WARN_SUSPICIOUS_MOVE = YES;
				CLANG_WARN_UNGUARDED_AVAILABILITY = YES_AGGRESSIVE;
				CLANG_WARN_UNREACHABLE_CODE = YES;
				CLANG_WARN__DUPLICATE_METHOD_MATCH = YES;
				COPY_PHASE_STRIP = NO;
				DEBUG_INFORMATION_FORMAT = dwarf;
				ENABLE_STRICT_OBJC_MSGSEND = YES;
				ENABLE_TESTABILITY = YES;
				GCC_C_LANGUAGE_STANDARD = gnu11;
				GCC_DYNAMIC_NO_PIC = NO;
				GCC_NO_COMMON_BLOCKS = YES;
				GCC_OPTIMIZATION_LEVEL = 0;
				GCC_PREPROCESSOR_DEFINITIONS = (
					"DEBUG=1",
					"$(inherited)",
				);
				GCC_WARN_64_TO_32_BIT_CONVERSION = YES;
				GCC_WARN_ABOUT_RETURN_TYPE = YES_ERROR;
				GCC_WARN_UNDECLARED_SELECTOR = YES;
				GCC_WARN_UNINITIALIZED_AUTOS = YES_AGGRESSIVE;
				GCC_WARN_UNUSED_FUNCTION = YES;
				GCC_WARN_UNUSED_VARIABLE = YES;
				IPHONEOS_DEPLOYMENT_TARGET = 13.4;
				MTL_ENABLE_DEBUG_INFO = INCLUDE_SOURCE;
				MTL_FAST_MATH = YES;
				ONLY_ACTIVE_ARCH = YES;
				SDKROOT = iphoneos;
				SWIFT_ACTIVE_COMPILATION_CONDITIONS = DEBUG;
				SWIFT_OPTIMIZATION_LEVEL = "-Onone";
			};
			name = Debug;
		};
		841115ED25D172370013FE7C /* Release */ = {
			isa = XCBuildConfiguration;
			buildSettings = {
				ALWAYS_SEARCH_USER_PATHS = NO;
				CLANG_ANALYZER_NONNULL = YES;
				CLANG_ANALYZER_NUMBER_OBJECT_CONVERSION = YES_AGGRESSIVE;
				CLANG_CXX_LANGUAGE_STANDARD = "gnu++14";
				CLANG_CXX_LIBRARY = "libc++";
				CLANG_ENABLE_MODULES = YES;
				CLANG_ENABLE_OBJC_ARC = YES;
				CLANG_ENABLE_OBJC_WEAK = YES;
				CLANG_WARN_BLOCK_CAPTURE_AUTORELEASING = YES;
				CLANG_WARN_BOOL_CONVERSION = YES;
				CLANG_WARN_COMMA = YES;
				CLANG_WARN_CONSTANT_CONVERSION = YES;
				CLANG_WARN_DEPRECATED_OBJC_IMPLEMENTATIONS = YES;
				CLANG_WARN_DIRECT_OBJC_ISA_USAGE = YES_ERROR;
				CLANG_WARN_DOCUMENTATION_COMMENTS = YES;
				CLANG_WARN_EMPTY_BODY = YES;
				CLANG_WARN_ENUM_CONVERSION = YES;
				CLANG_WARN_INFINITE_RECURSION = YES;
				CLANG_WARN_INT_CONVERSION = YES;
				CLANG_WARN_NON_LITERAL_NULL_CONVERSION = YES;
				CLANG_WARN_OBJC_IMPLICIT_RETAIN_SELF = YES;
				CLANG_WARN_OBJC_LITERAL_CONVERSION = YES;
				CLANG_WARN_OBJC_ROOT_CLASS = YES_ERROR;
				CLANG_WARN_RANGE_LOOP_ANALYSIS = YES;
				CLANG_WARN_STRICT_PROTOTYPES = YES;
				CLANG_WARN_SUSPICIOUS_MOVE = YES;
				CLANG_WARN_UNGUARDED_AVAILABILITY = YES_AGGRESSIVE;
				CLANG_WARN_UNREACHABLE_CODE = YES;
				CLANG_WARN__DUPLICATE_METHOD_MATCH = YES;
				COPY_PHASE_STRIP = NO;
				DEBUG_INFORMATION_FORMAT = "dwarf-with-dsym";
				ENABLE_NS_ASSERTIONS = NO;
				ENABLE_STRICT_OBJC_MSGSEND = YES;
				GCC_C_LANGUAGE_STANDARD = gnu11;
				GCC_NO_COMMON_BLOCKS = YES;
				GCC_WARN_64_TO_32_BIT_CONVERSION = YES;
				GCC_WARN_ABOUT_RETURN_TYPE = YES_ERROR;
				GCC_WARN_UNDECLARED_SELECTOR = YES;
				GCC_WARN_UNINITIALIZED_AUTOS = YES_AGGRESSIVE;
				GCC_WARN_UNUSED_FUNCTION = YES;
				GCC_WARN_UNUSED_VARIABLE = YES;
				IPHONEOS_DEPLOYMENT_TARGET = 13.4;
				MTL_ENABLE_DEBUG_INFO = NO;
				MTL_FAST_MATH = YES;
				SDKROOT = iphoneos;
				SWIFT_COMPILATION_MODE = wholemodule;
				SWIFT_OPTIMIZATION_LEVEL = "-O";
				VALIDATE_PRODUCT = YES;
			};
			name = Release;
		};
		841115EF25D172370013FE7C /* Debug */ = {
			isa = XCBuildConfiguration;
			baseConfigurationReference = 25B6609BF943B2EAAF370E08 /* Pods-CoreDataTask.debug.xcconfig */;
			buildSettings = {
				ASSETCATALOG_COMPILER_APPICON_NAME = AppIcon;
				CODE_SIGN_STYLE = Automatic;
				DEVELOPMENT_TEAM = H922B55M85;
				INFOPLIST_FILE = CoreDataTask/Info.plist;
				LD_RUNPATH_SEARCH_PATHS = (
					"$(inherited)",
					"@executable_path/Frameworks",
				);
				PRODUCT_BUNDLE_IDENTIFIER = com.sr.CoreDataTask;
				PRODUCT_NAME = "$(TARGET_NAME)";
				SWIFT_VERSION = 5.0;
				TARGETED_DEVICE_FAMILY = 1;
			};
			name = Debug;
		};
		841115F025D172370013FE7C /* Release */ = {
			isa = XCBuildConfiguration;
			baseConfigurationReference = 50A113B49BE28B97163D2329 /* Pods-CoreDataTask.release.xcconfig */;
			buildSettings = {
				ASSETCATALOG_COMPILER_APPICON_NAME = AppIcon;
				CODE_SIGN_STYLE = Automatic;
				DEVELOPMENT_TEAM = H922B55M85;
				INFOPLIST_FILE = CoreDataTask/Info.plist;
				LD_RUNPATH_SEARCH_PATHS = (
					"$(inherited)",
					"@executable_path/Frameworks",
				);
				PRODUCT_BUNDLE_IDENTIFIER = com.sr.CoreDataTask;
				PRODUCT_NAME = "$(TARGET_NAME)";
				SWIFT_VERSION = 5.0;
				TARGETED_DEVICE_FAMILY = 1;
			};
			name = Release;
		};
/* End XCBuildConfiguration section */

/* Begin XCConfigurationList section */
		841115D225D172330013FE7C /* Build configuration list for PBXProject "CoreDataTask" */ = {
			isa = XCConfigurationList;
			buildConfigurations = (
				841115EC25D172370013FE7C /* Debug */,
				841115ED25D172370013FE7C /* Release */,
			);
			defaultConfigurationIsVisible = 0;
			defaultConfigurationName = Release;
		};
		841115EE25D172370013FE7C /* Build configuration list for PBXNativeTarget "CoreDataTask" */ = {
			isa = XCConfigurationList;
			buildConfigurations = (
				841115EF25D172370013FE7C /* Debug */,
				841115F025D172370013FE7C /* Release */,
			);
			defaultConfigurationIsVisible = 0;
			defaultConfigurationName = Release;
		};
/* End XCConfigurationList section */

/* Begin XCRemoteSwiftPackageReference section */
		841115F125D1738B0013FE7C /* XCRemoteSwiftPackageReference "LBTATools" */ = {
			isa = XCRemoteSwiftPackageReference;
			repositoryURL = "https://github.com/bhlvoong/LBTATools";
			requirement = {
				kind = upToNextMajorVersion;
				minimumVersion = 1.0.17;
			};
		};
/* End XCRemoteSwiftPackageReference section */

/* Begin XCVersionGroup section */
		841115E325D172330013FE7C /* CoreDataTask.xcdatamodeld */ = {
			isa = XCVersionGroup;
			children = (
				841115E425D172330013FE7C /* CoreDataTask.xcdatamodel */,
			);
			currentVersion = 841115E425D172330013FE7C /* CoreDataTask.xcdatamodel */;
			path = CoreDataTask.xcdatamodeld;
			sourceTree = "<group>";
			versionGroupType = wrapper.xcdatamodel;
		};
/* End XCVersionGroup section */
	};
	rootObject = 841115CF25D172330013FE7C /* Project object */;
}
